{
  "name": "wasm",
  "version": "1.0.0",
  "lockfileVersion": 1,
  "requires": true,
  "dependencies": {
    "acorn": {
      "version": "8.0.3",
      "resolved": "https://registry.npmjs.org/acorn/-/acorn-8.0.3.tgz",
      "integrity": "sha512-uRMbCU3bM1L697KISxvkd9TA2zASoGFDODzFFdQR4qNpPffj6ZMdp5J4ffXUXR9G0PVPsN0enEkCrvssCkoPsw==",
      "dev": true
    }
  }
}
